{
  "name": "chunker",
  "version": "1.0.0",
  "lockfileVersion": 3,
  "requires": true,
  "packages": {
    "": {
      "name": "chunker",
      "version": "1.0.0",
      "license": "MIT",
      "dependencies": {
        "mwgiestools": "^1.1.4"
      }
    },
    "node_modules/ansiescapeapi": {
      "version": "1.0.3",
      "resolved": "https://registry.npmjs.org/ansiescapeapi/-/ansiescapeapi-1.0.3.tgz",
      "integrity": "sha512-fXcYBSXWFVV57uBOi8L8bwJ7JwGy8bE3uD7qrpdrQRnoZRKCU0JdyfCLPjPOlq64gUwnlHL39xCozVfPKTFj0g=="
    },
    "node_modules/mwgiestools": {
      "version": "1.1.4",
      "resolved": "https://registry.npmjs.org/mwgiestools/-/mwgiestools-1.1.4.tgz",
      "integrity": "sha512-iVcWV1CiAxVVkcG9SBHKYADIKWdv2vV82UQPKzkftxPt3b0d0kmYng9oL7an9k+9SaIWKj18p8UVbfwNOwIOgw==",
      "dependencies": {
        "ansiescapeapi": "^1.0.3"
      }
    }
  }
}
